
Microsoft Visual Studio Solution File, Format Version 12.00
# Visual Studio Version 16
VisualStudioVersion = 16.0.29215.179
MinimumVisualStudioVersion = 10.0.40219.1
Project("{FAE04EC0-301F-11D3-BF4B-00C04F79EFBC}") = "Domain", "Domain\Domain.csproj", "{FAE710BF-586E-41E1-9837-27AAD53D69BC}"
EndProject
Project("{FAE04EC0-301F-11D3-BF4B-00C04F79EFBC}") = "UnitTests", "UnitTests\UnitTests.csproj", "{120E9470-C69B-43E8-998F-7F0EBCE60186}"
EndProject
Global
	GlobalSection(SolutionConfigurationPlatforms) = preSolution
		Debug|Any CPU = Debug|Any CPU
		Release|Any CPU = Release|Any CPU
	EndGlobalSection
	GlobalSection(ProjectConfigurationPlatforms) = postSolution
		{FAE710BF-586E-41E1-9837-27AAD53D69BC}.Debug|Any CPU.ActiveCfg = Debug|Any CPU
		{FAE710BF-586E-41E1-9837-27AAD53D69BC}.Debug|Any CPU.Build.0 = Debug|Any CPU
		{FAE710BF-586E-41E1-9837-27AAD53D69BC}.Release|Any CPU.ActiveCfg = Release|Any CPU
		{FAE710BF-586E-41E1-9837-27AAD53D69BC}.Release|Any CPU.Build.0 = Release|Any CPU
		{120E9470-C69B-43E8-998F-7F0EBCE60186}.Debug|Any CPU.ActiveCfg = Debug|Any CPU
		{120E9470-C69B-43E8-998F-7F0EBCE60186}.Debug|Any CPU.Build.0 = Debug|Any CPU
		{120E9470-C69B-43E8-998F-7F0EBCE60186}.Release|Any CPU.ActiveCfg = Release|Any CPU
		{120E9470-C69B-43E8-998F-7F0EBCE60186}.Release|Any CPU.Build.0 = Release|Any CPU
	EndGlobalSection
	GlobalSection(SolutionProperties) = preSolution
		HideSolutionNode = FALSE
	EndGlobalSection
	GlobalSection(ExtensibilityGlobals) = postSolution
		SolutionGuid = {FC649CCA-3904-4028-8CFB-BCAA7DCED523}
	EndGlobalSection
EndGlobal
