
Microsoft Visual Studio Solution File, Format Version 12.00
# Visual Studio Version 16
VisualStudioVersion = 16.0.29905.134
MinimumVisualStudioVersion = 10.0.40219.1
Project("{9A19103F-16F7-4668-BE54-9A1E7A4F7556}") = "CourseManagement.Application", "application\CourseManagement.Application\CourseManagement.Application.csproj", "{BCB8A10F-817F-4A1C-948B-DCFC1E568CFD}"
EndProject
Project("{9A19103F-16F7-4668-BE54-9A1E7A4F7556}") = "CourseManagement.Domain", "domain\CourseManagement.Domain\CourseManagement.Domain.csproj", "{CE9C047A-9031-473E-9DFD-B85A34656AC6}"
EndProject
Project("{9A19103F-16F7-4668-BE54-9A1E7A4F7556}") = "CourseManagement.Infrastructure", "infrastructure\CourseManagement.Infrastructure\CourseManagement.Infrastructure.csproj", "{4C79A39A-733C-44DD-8097-F4EC5753514B}"
EndProject
Project("{9A19103F-16F7-4668-BE54-9A1E7A4F7556}") = "CourseManagement.Api", "api\CourseManagement.Api\CourseManagement.Api.csproj", "{622609F8-31F0-4E49-B668-DC7DBBD2BBE9}"
EndProject
Project("{FAE04EC0-301F-11D3-BF4B-00C04F79EFBC}") = "Tests", "Tests\Tests.csproj", "{7F0323E0-5156-4445-B51B-4A6B9F888D26}"
EndProject
Global
	GlobalSection(SolutionConfigurationPlatforms) = preSolution
		Debug|Any CPU = Debug|Any CPU
		Release|Any CPU = Release|Any CPU
	EndGlobalSection
	GlobalSection(ProjectConfigurationPlatforms) = postSolution
		{BCB8A10F-817F-4A1C-948B-DCFC1E568CFD}.Debug|Any CPU.ActiveCfg = Debug|Any CPU
		{BCB8A10F-817F-4A1C-948B-DCFC1E568CFD}.Debug|Any CPU.Build.0 = Debug|Any CPU
		{BCB8A10F-817F-4A1C-948B-DCFC1E568CFD}.Release|Any CPU.ActiveCfg = Release|Any CPU
		{BCB8A10F-817F-4A1C-948B-DCFC1E568CFD}.Release|Any CPU.Build.0 = Release|Any CPU
		{CE9C047A-9031-473E-9DFD-B85A34656AC6}.Debug|Any CPU.ActiveCfg = Debug|Any CPU
		{CE9C047A-9031-473E-9DFD-B85A34656AC6}.Debug|Any CPU.Build.0 = Debug|Any CPU
		{CE9C047A-9031-473E-9DFD-B85A34656AC6}.Release|Any CPU.ActiveCfg = Release|Any CPU
		{CE9C047A-9031-473E-9DFD-B85A34656AC6}.Release|Any CPU.Build.0 = Release|Any CPU
		{4C79A39A-733C-44DD-8097-F4EC5753514B}.Debug|Any CPU.ActiveCfg = Debug|Any CPU
		{4C79A39A-733C-44DD-8097-F4EC5753514B}.Debug|Any CPU.Build.0 = Debug|Any CPU
		{4C79A39A-733C-44DD-8097-F4EC5753514B}.Release|Any CPU.ActiveCfg = Release|Any CPU
		{4C79A39A-733C-44DD-8097-F4EC5753514B}.Release|Any CPU.Build.0 = Release|Any CPU
		{622609F8-31F0-4E49-B668-DC7DBBD2BBE9}.Debug|Any CPU.ActiveCfg = Debug|Any CPU
		{622609F8-31F0-4E49-B668-DC7DBBD2BBE9}.Debug|Any CPU.Build.0 = Debug|Any CPU
		{622609F8-31F0-4E49-B668-DC7DBBD2BBE9}.Release|Any CPU.ActiveCfg = Release|Any CPU
		{622609F8-31F0-4E49-B668-DC7DBBD2BBE9}.Release|Any CPU.Build.0 = Release|Any CPU
		{7F0323E0-5156-4445-B51B-4A6B9F888D26}.Debug|Any CPU.ActiveCfg = Debug|Any CPU
		{7F0323E0-5156-4445-B51B-4A6B9F888D26}.Debug|Any CPU.Build.0 = Debug|Any CPU
		{7F0323E0-5156-4445-B51B-4A6B9F888D26}.Release|Any CPU.ActiveCfg = Release|Any CPU
		{7F0323E0-5156-4445-B51B-4A6B9F888D26}.Release|Any CPU.Build.0 = Release|Any CPU
	EndGlobalSection
	GlobalSection(SolutionProperties) = preSolution
		HideSolutionNode = FALSE
	EndGlobalSection
	GlobalSection(ExtensibilityGlobals) = postSolution
		SolutionGuid = {13F44B37-EF00-494E-9E3F-A4C1C007F6AF}
	EndGlobalSection
EndGlobal
