
Microsoft Visual Studio Solution File, Format Version 12.00
# Visual Studio Version 16
VisualStudioVersion = 16.0.29905.134
MinimumVisualStudioVersion = 10.0.40219.1
Project("{FAE04EC0-301F-11D3-BF4B-00C04F79EFBC}") = "WebApplication2API", "WebApplication2API.csproj", "{FC3CCF73-A57A-4CC9-9DC1-F114CCF284ED}"
EndProject
Global
	GlobalSection(SolutionConfigurationPlatforms) = preSolution
		Debug|Any CPU = Debug|Any CPU
		Release|Any CPU = Release|Any CPU
	EndGlobalSection
	GlobalSection(ProjectConfigurationPlatforms) = postSolution
		{FC3CCF73-A57A-4CC9-9DC1-F114CCF284ED}.Debug|Any CPU.ActiveCfg = Debug|Any CPU
		{FC3CCF73-A57A-4CC9-9DC1-F114CCF284ED}.Debug|Any CPU.Build.0 = Debug|Any CPU
		{FC3CCF73-A57A-4CC9-9DC1-F114CCF284ED}.Release|Any CPU.ActiveCfg = Release|Any CPU
		{FC3CCF73-A57A-4CC9-9DC1-F114CCF284ED}.Release|Any CPU.Build.0 = Release|Any CPU
	EndGlobalSection
	GlobalSection(SolutionProperties) = preSolution
		HideSolutionNode = FALSE
	EndGlobalSection
	GlobalSection(ExtensibilityGlobals) = postSolution
		SolutionGuid = {8A1CF1DD-7127-4032-82B1-63D23F451B62}
	EndGlobalSection
EndGlobal
