
Microsoft Visual Studio Solution File, Format Version 12.00
# Visual Studio Version 16
VisualStudioVersion = 16.0.28803.452
MinimumVisualStudioVersion = 10.0.40219.1
Project("{9A19103F-16F7-4668-BE54-9A1E7A4F7556}") = "DemoSum", "DemoSum\DemoSum.csproj", "{D89FD4D7-834B-4C82-A0A6-014101D72088}"
EndProject
Project("{FAE04EC0-301F-11D3-BF4B-00C04F79EFBC}") = "DemoUI", "DemoUI\DemoUI.csproj", "{1F214437-A53C-4A3F-A407-7D6296848240}"
EndProject
Project("{FAE04EC0-301F-11D3-BF4B-00C04F79EFBC}") = "DemoUI.Core", "DemoUI.Core\DemoUI.Core.csproj", "{1DAA0971-47A4-4E2B-9456-E7589B6C35D4}"
EndProject
Project("{9A19103F-16F7-4668-BE54-9A1E7A4F7556}") = "RaceCondition", "RaceCondition\RaceCondition.csproj", "{973385BD-8040-444F-A07E-591435AE68AB}"
EndProject
Project("{2150E333-8FDC-42A3-9474-1A3956D46DE8}") = "1.Threads", "1.Threads", "{D62AEAF5-BAA7-4C3C-A6C0-FD075CB1791B}"
EndProject
Project("{2150E333-8FDC-42A3-9474-1A3956D46DE8}") = "2.UI", "2.UI", "{AFE30C7C-9E36-4435-B3EF-60CFB37D61B2}"
EndProject
Project("{2150E333-8FDC-42A3-9474-1A3956D46DE8}") = "0.ClassDemos", "0.ClassDemos", "{CE12D892-017A-475F-95BD-D94316861B55}"
EndProject
Project("{9A19103F-16F7-4668-BE54-9A1E7A4F7556}") = "Threads", "Threads\Threads.csproj", "{E0D87D75-B5A0-4CAC-AD9D-5F120813D874}"
EndProject
Project("{FAE04EC0-301F-11D3-BF4B-00C04F79EFBC}") = "DemoUI.Tasks", "DemoUI.Tasks\DemoUI.Tasks.csproj", "{A1AC4894-0924-438B-891E-069302BA3AA8}"
EndProject
Global
	GlobalSection(SolutionConfigurationPlatforms) = preSolution
		Debug|Any CPU = Debug|Any CPU
		Release|Any CPU = Release|Any CPU
	EndGlobalSection
	GlobalSection(ProjectConfigurationPlatforms) = postSolution
		{D89FD4D7-834B-4C82-A0A6-014101D72088}.Debug|Any CPU.ActiveCfg = Debug|Any CPU
		{D89FD4D7-834B-4C82-A0A6-014101D72088}.Debug|Any CPU.Build.0 = Debug|Any CPU
		{D89FD4D7-834B-4C82-A0A6-014101D72088}.Release|Any CPU.ActiveCfg = Release|Any CPU
		{D89FD4D7-834B-4C82-A0A6-014101D72088}.Release|Any CPU.Build.0 = Release|Any CPU
		{1F214437-A53C-4A3F-A407-7D6296848240}.Debug|Any CPU.ActiveCfg = Debug|Any CPU
		{1F214437-A53C-4A3F-A407-7D6296848240}.Debug|Any CPU.Build.0 = Debug|Any CPU
		{1F214437-A53C-4A3F-A407-7D6296848240}.Release|Any CPU.ActiveCfg = Release|Any CPU
		{1F214437-A53C-4A3F-A407-7D6296848240}.Release|Any CPU.Build.0 = Release|Any CPU
		{1DAA0971-47A4-4E2B-9456-E7589B6C35D4}.Debug|Any CPU.ActiveCfg = Debug|Any CPU
		{1DAA0971-47A4-4E2B-9456-E7589B6C35D4}.Debug|Any CPU.Build.0 = Debug|Any CPU
		{1DAA0971-47A4-4E2B-9456-E7589B6C35D4}.Release|Any CPU.ActiveCfg = Release|Any CPU
		{1DAA0971-47A4-4E2B-9456-E7589B6C35D4}.Release|Any CPU.Build.0 = Release|Any CPU
		{973385BD-8040-444F-A07E-591435AE68AB}.Debug|Any CPU.ActiveCfg = Debug|Any CPU
		{973385BD-8040-444F-A07E-591435AE68AB}.Debug|Any CPU.Build.0 = Debug|Any CPU
		{973385BD-8040-444F-A07E-591435AE68AB}.Release|Any CPU.ActiveCfg = Release|Any CPU
		{973385BD-8040-444F-A07E-591435AE68AB}.Release|Any CPU.Build.0 = Release|Any CPU
		{E0D87D75-B5A0-4CAC-AD9D-5F120813D874}.Debug|Any CPU.ActiveCfg = Debug|Any CPU
		{E0D87D75-B5A0-4CAC-AD9D-5F120813D874}.Debug|Any CPU.Build.0 = Debug|Any CPU
		{E0D87D75-B5A0-4CAC-AD9D-5F120813D874}.Release|Any CPU.ActiveCfg = Release|Any CPU
		{E0D87D75-B5A0-4CAC-AD9D-5F120813D874}.Release|Any CPU.Build.0 = Release|Any CPU
		{A1AC4894-0924-438B-891E-069302BA3AA8}.Debug|Any CPU.ActiveCfg = Debug|Any CPU
		{A1AC4894-0924-438B-891E-069302BA3AA8}.Debug|Any CPU.Build.0 = Debug|Any CPU
		{A1AC4894-0924-438B-891E-069302BA3AA8}.Release|Any CPU.ActiveCfg = Release|Any CPU
		{A1AC4894-0924-438B-891E-069302BA3AA8}.Release|Any CPU.Build.0 = Release|Any CPU
	EndGlobalSection
	GlobalSection(SolutionProperties) = preSolution
		HideSolutionNode = FALSE
	EndGlobalSection
	GlobalSection(NestedProjects) = preSolution
		{D89FD4D7-834B-4C82-A0A6-014101D72088} = {D62AEAF5-BAA7-4C3C-A6C0-FD075CB1791B}
		{1F214437-A53C-4A3F-A407-7D6296848240} = {AFE30C7C-9E36-4435-B3EF-60CFB37D61B2}
		{1DAA0971-47A4-4E2B-9456-E7589B6C35D4} = {AFE30C7C-9E36-4435-B3EF-60CFB37D61B2}
		{973385BD-8040-444F-A07E-591435AE68AB} = {D62AEAF5-BAA7-4C3C-A6C0-FD075CB1791B}
		{E0D87D75-B5A0-4CAC-AD9D-5F120813D874} = {CE12D892-017A-475F-95BD-D94316861B55}
		{A1AC4894-0924-438B-891E-069302BA3AA8} = {AFE30C7C-9E36-4435-B3EF-60CFB37D61B2}
	EndGlobalSection
	GlobalSection(ExtensibilityGlobals) = postSolution
		SolutionGuid = {6AC9A86D-B5A6-4AA0-8C14-06AE0F3BE82B}
	EndGlobalSection
EndGlobal
