
Microsoft Visual Studio Solution File, Format Version 12.00
# Visual Studio 15
VisualStudioVersion = 15.0.28307.572
MinimumVisualStudioVersion = 10.0.40219.1
Project("{9A19103F-16F7-4668-BE54-9A1E7A4F7556}") = "WebApi", "WebApi.csproj", "{ECCA401A-BB6D-4F89-8EDA-ED372E1A27EE}"
EndProject
Global
	GlobalSection(SolutionConfigurationPlatforms) = preSolution
		Debug|Any CPU = Debug|Any CPU
		Release|Any CPU = Release|Any CPU
	EndGlobalSection
	GlobalSection(ProjectConfigurationPlatforms) = postSolution
		{ECCA401A-BB6D-4F89-8EDA-ED372E1A27EE}.Debug|Any CPU.ActiveCfg = Debug|Any CPU
		{ECCA401A-BB6D-4F89-8EDA-ED372E1A27EE}.Debug|Any CPU.Build.0 = Debug|Any CPU
		{ECCA401A-BB6D-4F89-8EDA-ED372E1A27EE}.Release|Any CPU.ActiveCfg = Release|Any CPU
		{ECCA401A-BB6D-4F89-8EDA-ED372E1A27EE}.Release|Any CPU.Build.0 = Release|Any CPU
	EndGlobalSection
	GlobalSection(SolutionProperties) = preSolution
		HideSolutionNode = FALSE
	EndGlobalSection
	GlobalSection(ExtensibilityGlobals) = postSolution
		SolutionGuid = {398D26CB-098D-44CD-A166-DE5E02AA01D1}
	EndGlobalSection
EndGlobal
