
Microsoft Visual Studio Solution File, Format Version 12.00
# Visual Studio Version 16
VisualStudioVersion = 16.0.30309.148
MinimumVisualStudioVersion = 10.0.40219.1
Project("{FAE04EC0-301F-11D3-BF4B-00C04F79EFBC}") = "ApiClient", "ApiClient\ApiClient.csproj", "{21D84751-651F-4354-AF51-F1D07A6C98FE}"
EndProject
Global
	GlobalSection(SolutionConfigurationPlatforms) = preSolution
		Debug|Any CPU = Debug|Any CPU
		Release|Any CPU = Release|Any CPU
	EndGlobalSection
	GlobalSection(ProjectConfigurationPlatforms) = postSolution
		{21D84751-651F-4354-AF51-F1D07A6C98FE}.Debug|Any CPU.ActiveCfg = Debug|Any CPU
		{21D84751-651F-4354-AF51-F1D07A6C98FE}.Debug|Any CPU.Build.0 = Debug|Any CPU
		{21D84751-651F-4354-AF51-F1D07A6C98FE}.Release|Any CPU.ActiveCfg = Release|Any CPU
		{21D84751-651F-4354-AF51-F1D07A6C98FE}.Release|Any CPU.Build.0 = Release|Any CPU
	EndGlobalSection
	GlobalSection(SolutionProperties) = preSolution
		HideSolutionNode = FALSE
	EndGlobalSection
	GlobalSection(ExtensibilityGlobals) = postSolution
		SolutionGuid = {A4CDB4FB-FC7A-493F-9EFE-18770E6DC983}
	EndGlobalSection
EndGlobal
