
Microsoft Visual Studio Solution File, Format Version 12.00
# Visual Studio Version 16
VisualStudioVersion = 16.0.29905.134
MinimumVisualStudioVersion = 10.0.40219.1
Project("{FAE04EC0-301F-11D3-BF4B-00C04F79EFBC}") = "8. Custom Linked List", "8. Custom Linked List.csproj", "{A3C75CC0-DA99-4643-B9E7-12D187BCF2FD}"
EndProject
Project("{FAE04EC0-301F-11D3-BF4B-00C04F79EFBC}") = "8.Custom Linked List Tests", "..\8.Custom Linked List Tests\8.Custom Linked List Tests.csproj", "{FECA9D01-7639-451F-85EE-528099631E57}"
EndProject
Global
	GlobalSection(SolutionConfigurationPlatforms) = preSolution
		Debug|Any CPU = Debug|Any CPU
		Release|Any CPU = Release|Any CPU
	EndGlobalSection
	GlobalSection(ProjectConfigurationPlatforms) = postSolution
		{A3C75CC0-DA99-4643-B9E7-12D187BCF2FD}.Debug|Any CPU.ActiveCfg = Debug|Any CPU
		{A3C75CC0-DA99-4643-B9E7-12D187BCF2FD}.Debug|Any CPU.Build.0 = Debug|Any CPU
		{A3C75CC0-DA99-4643-B9E7-12D187BCF2FD}.Release|Any CPU.ActiveCfg = Release|Any CPU
		{A3C75CC0-DA99-4643-B9E7-12D187BCF2FD}.Release|Any CPU.Build.0 = Release|Any CPU
		{FECA9D01-7639-451F-85EE-528099631E57}.Debug|Any CPU.ActiveCfg = Debug|Any CPU
		{FECA9D01-7639-451F-85EE-528099631E57}.Debug|Any CPU.Build.0 = Debug|Any CPU
		{FECA9D01-7639-451F-85EE-528099631E57}.Release|Any CPU.ActiveCfg = Release|Any CPU
		{FECA9D01-7639-451F-85EE-528099631E57}.Release|Any CPU.Build.0 = Release|Any CPU
	EndGlobalSection
	GlobalSection(SolutionProperties) = preSolution
		HideSolutionNode = FALSE
	EndGlobalSection
	GlobalSection(ExtensibilityGlobals) = postSolution
		SolutionGuid = {E00F9779-31AD-45D1-8AB8-600575861AE6}
	EndGlobalSection
EndGlobal
