
Microsoft Visual Studio Solution File, Format Version 12.00
# Visual Studio Version 16
VisualStudioVersion = 16.0.29905.134
MinimumVisualStudioVersion = 10.0.40219.1
Project("{9A19103F-16F7-4668-BE54-9A1E7A4F7556}") = "FileWatcherTasks", "FileWatcherTasks.csproj", "{16F6AFEB-B443-4CA4-93BF-15CE3AFEF46A}"
EndProject
Project("{FAE04EC0-301F-11D3-BF4B-00C04F79EFBC}") = "FileWatcherThreads", "..\FileWatcherThreads\FileWatcherThreads.csproj", "{690230D0-0676-48BC-8E6F-4160BF3AF7A0}"
EndProject
Global
	GlobalSection(SolutionConfigurationPlatforms) = preSolution
		Debug|Any CPU = Debug|Any CPU
		Release|Any CPU = Release|Any CPU
	EndGlobalSection
	GlobalSection(ProjectConfigurationPlatforms) = postSolution
		{16F6AFEB-B443-4CA4-93BF-15CE3AFEF46A}.Debug|Any CPU.ActiveCfg = Debug|Any CPU
		{16F6AFEB-B443-4CA4-93BF-15CE3AFEF46A}.Debug|Any CPU.Build.0 = Debug|Any CPU
		{16F6AFEB-B443-4CA4-93BF-15CE3AFEF46A}.Release|Any CPU.ActiveCfg = Release|Any CPU
		{16F6AFEB-B443-4CA4-93BF-15CE3AFEF46A}.Release|Any CPU.Build.0 = Release|Any CPU
		{690230D0-0676-48BC-8E6F-4160BF3AF7A0}.Debug|Any CPU.ActiveCfg = Debug|Any CPU
		{690230D0-0676-48BC-8E6F-4160BF3AF7A0}.Debug|Any CPU.Build.0 = Debug|Any CPU
		{690230D0-0676-48BC-8E6F-4160BF3AF7A0}.Release|Any CPU.ActiveCfg = Release|Any CPU
		{690230D0-0676-48BC-8E6F-4160BF3AF7A0}.Release|Any CPU.Build.0 = Release|Any CPU
	EndGlobalSection
	GlobalSection(SolutionProperties) = preSolution
		HideSolutionNode = FALSE
	EndGlobalSection
	GlobalSection(ExtensibilityGlobals) = postSolution
		SolutionGuid = {5E9BBFFA-C5C8-4ED9-A218-62BC21717925}
	EndGlobalSection
EndGlobal
