
Microsoft Visual Studio Solution File, Format Version 12.00
# Visual Studio Version 16
VisualStudioVersion = 16.0.29905.134
MinimumVisualStudioVersion = 10.0.40219.1
Project("{FAE04EC0-301F-11D3-BF4B-00C04F79EFBC}") = "WebApplicationClient", "WebApplicationClient.csproj", "{7E43899A-7334-4716-8A8C-D61451739C72}"
EndProject
Global
	GlobalSection(SolutionConfigurationPlatforms) = preSolution
		Debug|Any CPU = Debug|Any CPU
		Release|Any CPU = Release|Any CPU
	EndGlobalSection
	GlobalSection(ProjectConfigurationPlatforms) = postSolution
		{7E43899A-7334-4716-8A8C-D61451739C72}.Debug|Any CPU.ActiveCfg = Debug|Any CPU
		{7E43899A-7334-4716-8A8C-D61451739C72}.Debug|Any CPU.Build.0 = Debug|Any CPU
		{7E43899A-7334-4716-8A8C-D61451739C72}.Release|Any CPU.ActiveCfg = Release|Any CPU
		{7E43899A-7334-4716-8A8C-D61451739C72}.Release|Any CPU.Build.0 = Release|Any CPU
	EndGlobalSection
	GlobalSection(SolutionProperties) = preSolution
		HideSolutionNode = FALSE
	EndGlobalSection
	GlobalSection(ExtensibilityGlobals) = postSolution
		SolutionGuid = {8BDFB7F0-D515-48A2-87B2-86D6396AB041}
	EndGlobalSection
EndGlobal
