
Microsoft Visual Studio Solution File, Format Version 12.00
# Visual Studio Version 16
VisualStudioVersion = 16.0.29519.181
MinimumVisualStudioVersion = 10.0.40219.1
Project("{FAE04EC0-301F-11D3-BF4B-00C04F79EFBC}") = "HotelsApiClient", "HotelsApiClient\HotelsApiClient.csproj", "{BFE64982-BF23-46FF-909C-2543A77B9DBD}"
EndProject
Global
	GlobalSection(SolutionConfigurationPlatforms) = preSolution
		Debug|Any CPU = Debug|Any CPU
		Release|Any CPU = Release|Any CPU
	EndGlobalSection
	GlobalSection(ProjectConfigurationPlatforms) = postSolution
		{BFE64982-BF23-46FF-909C-2543A77B9DBD}.Debug|Any CPU.ActiveCfg = Debug|Any CPU
		{BFE64982-BF23-46FF-909C-2543A77B9DBD}.Debug|Any CPU.Build.0 = Debug|Any CPU
		{BFE64982-BF23-46FF-909C-2543A77B9DBD}.Release|Any CPU.ActiveCfg = Release|Any CPU
		{BFE64982-BF23-46FF-909C-2543A77B9DBD}.Release|Any CPU.Build.0 = Release|Any CPU
	EndGlobalSection
	GlobalSection(SolutionProperties) = preSolution
		HideSolutionNode = FALSE
	EndGlobalSection
	GlobalSection(ExtensibilityGlobals) = postSolution
		SolutionGuid = {78D8D4A7-8ECA-4978-967A-F26EBE8C08C8}
	EndGlobalSection
EndGlobal
