
Microsoft Visual Studio Solution File, Format Version 12.00
# Visual Studio Version 16
VisualStudioVersion = 16.0.29215.179
MinimumVisualStudioVersion = 10.0.40219.1
Project("{FAE04EC0-301F-11D3-BF4B-00C04F79EFBC}") = "EfCoreSimple.App", "EfCoreSimple.App\EfCoreSimple.App.csproj", "{A6F43C66-B5EA-48E9-B01E-028587325F8E}"
EndProject
Project("{FAE04EC0-301F-11D3-BF4B-00C04F79EFBC}") = "EfCoreSimple.Domain", "EfCoreSimple.Domain\EfCoreSimple.Domain.csproj", "{AC78A4D3-3116-4BB9-B1DF-F4BF90A2BDC1}"
EndProject
Project("{FAE04EC0-301F-11D3-BF4B-00C04F79EFBC}") = "EfCoreSimple.Context", "EfCoreSimple.Context\EfCoreSimple.Context.csproj", "{36F01F6E-741C-4731-BDE8-46A9DEA32591}"
EndProject
Global
	GlobalSection(SolutionConfigurationPlatforms) = preSolution
		Debug|Any CPU = Debug|Any CPU
		Release|Any CPU = Release|Any CPU
	EndGlobalSection
	GlobalSection(ProjectConfigurationPlatforms) = postSolution
		{A6F43C66-B5EA-48E9-B01E-028587325F8E}.Debug|Any CPU.ActiveCfg = Debug|Any CPU
		{A6F43C66-B5EA-48E9-B01E-028587325F8E}.Debug|Any CPU.Build.0 = Debug|Any CPU
		{A6F43C66-B5EA-48E9-B01E-028587325F8E}.Release|Any CPU.ActiveCfg = Release|Any CPU
		{A6F43C66-B5EA-48E9-B01E-028587325F8E}.Release|Any CPU.Build.0 = Release|Any CPU
		{AC78A4D3-3116-4BB9-B1DF-F4BF90A2BDC1}.Debug|Any CPU.ActiveCfg = Debug|Any CPU
		{AC78A4D3-3116-4BB9-B1DF-F4BF90A2BDC1}.Debug|Any CPU.Build.0 = Debug|Any CPU
		{AC78A4D3-3116-4BB9-B1DF-F4BF90A2BDC1}.Release|Any CPU.ActiveCfg = Release|Any CPU
		{AC78A4D3-3116-4BB9-B1DF-F4BF90A2BDC1}.Release|Any CPU.Build.0 = Release|Any CPU
		{36F01F6E-741C-4731-BDE8-46A9DEA32591}.Debug|Any CPU.ActiveCfg = Debug|Any CPU
		{36F01F6E-741C-4731-BDE8-46A9DEA32591}.Debug|Any CPU.Build.0 = Debug|Any CPU
		{36F01F6E-741C-4731-BDE8-46A9DEA32591}.Release|Any CPU.ActiveCfg = Release|Any CPU
		{36F01F6E-741C-4731-BDE8-46A9DEA32591}.Release|Any CPU.Build.0 = Release|Any CPU
	EndGlobalSection
	GlobalSection(SolutionProperties) = preSolution
		HideSolutionNode = FALSE
	EndGlobalSection
	GlobalSection(ExtensibilityGlobals) = postSolution
		SolutionGuid = {F407927F-1190-4E91-8525-998545CD03C6}
	EndGlobalSection
EndGlobal
