
Microsoft Visual Studio Solution File, Format Version 12.00
# Visual Studio Version 16
VisualStudioVersion = 16.0.29519.181
MinimumVisualStudioVersion = 10.0.40219.1
Project("{9A19103F-16F7-4668-BE54-9A1E7A4F7556}") = "WordGenerator", "WordGenerator\WordGenerator.csproj", "{F9267943-7CC6-46C6-A0A2-C073233F47FF}"
EndProject
Project("{2150E333-8FDC-42A3-9474-1A3956D46DE8}") = "Ex 2", "Ex 2", "{F1FBA7A3-F75B-4739-AC74-4DDBB6526F5A}"
EndProject
Project("{2150E333-8FDC-42A3-9474-1A3956D46DE8}") = "Ex 3", "Ex 3", "{6DCA42D0-669F-4111-9D10-7B062252A7F1}"
EndProject
Project("{FAE04EC0-301F-11D3-BF4B-00C04F79EFBC}") = "UiFormApp", "UiFormApp\UiFormApp.csproj", "{0F3A383C-A196-4ACE-9E87-AC3F15A90068}"
EndProject
Global
	GlobalSection(SolutionConfigurationPlatforms) = preSolution
		Debug|Any CPU = Debug|Any CPU
		Release|Any CPU = Release|Any CPU
	EndGlobalSection
	GlobalSection(ProjectConfigurationPlatforms) = postSolution
		{F9267943-7CC6-46C6-A0A2-C073233F47FF}.Debug|Any CPU.ActiveCfg = Debug|Any CPU
		{F9267943-7CC6-46C6-A0A2-C073233F47FF}.Debug|Any CPU.Build.0 = Debug|Any CPU
		{F9267943-7CC6-46C6-A0A2-C073233F47FF}.Release|Any CPU.ActiveCfg = Release|Any CPU
		{F9267943-7CC6-46C6-A0A2-C073233F47FF}.Release|Any CPU.Build.0 = Release|Any CPU
		{0F3A383C-A196-4ACE-9E87-AC3F15A90068}.Debug|Any CPU.ActiveCfg = Debug|Any CPU
		{0F3A383C-A196-4ACE-9E87-AC3F15A90068}.Debug|Any CPU.Build.0 = Debug|Any CPU
		{0F3A383C-A196-4ACE-9E87-AC3F15A90068}.Release|Any CPU.ActiveCfg = Release|Any CPU
		{0F3A383C-A196-4ACE-9E87-AC3F15A90068}.Release|Any CPU.Build.0 = Release|Any CPU
	EndGlobalSection
	GlobalSection(SolutionProperties) = preSolution
		HideSolutionNode = FALSE
	EndGlobalSection
	GlobalSection(NestedProjects) = preSolution
		{F9267943-7CC6-46C6-A0A2-C073233F47FF} = {F1FBA7A3-F75B-4739-AC74-4DDBB6526F5A}
		{0F3A383C-A196-4ACE-9E87-AC3F15A90068} = {6DCA42D0-669F-4111-9D10-7B062252A7F1}
	EndGlobalSection
	GlobalSection(ExtensibilityGlobals) = postSolution
		SolutionGuid = {D7707E4C-CE1A-400A-A842-C5EED899729C}
	EndGlobalSection
EndGlobal
