
Microsoft Visual Studio Solution File, Format Version 12.00
# Visual Studio Version 16
VisualStudioVersion = 16.0.29905.134
MinimumVisualStudioVersion = 10.0.40219.1
Project("{FAE04EC0-301F-11D3-BF4B-00C04F79EFBC}") = "CarStoreApp", "CarStoreApp\CarStoreApp.csproj", "{6474BCF0-91CE-495F-9F07-BF164693547F}"
EndProject
Global
	GlobalSection(SolutionConfigurationPlatforms) = preSolution
		Debug|Any CPU = Debug|Any CPU
		Release|Any CPU = Release|Any CPU
	EndGlobalSection
	GlobalSection(ProjectConfigurationPlatforms) = postSolution
		{6474BCF0-91CE-495F-9F07-BF164693547F}.Debug|Any CPU.ActiveCfg = Debug|Any CPU
		{6474BCF0-91CE-495F-9F07-BF164693547F}.Debug|Any CPU.Build.0 = Debug|Any CPU
		{6474BCF0-91CE-495F-9F07-BF164693547F}.Release|Any CPU.ActiveCfg = Release|Any CPU
		{6474BCF0-91CE-495F-9F07-BF164693547F}.Release|Any CPU.Build.0 = Release|Any CPU
	EndGlobalSection
	GlobalSection(SolutionProperties) = preSolution
		HideSolutionNode = FALSE
	EndGlobalSection
	GlobalSection(ExtensibilityGlobals) = postSolution
		SolutionGuid = {1C2B27D3-21A3-4572-9E24-DFB1AFF22CD3}
	EndGlobalSection
EndGlobal
